
Microsoft Visual Studio Solution File, Format Version 12.00
Project("{FAE04EC0-301F-11D3-BF4B-00C04F79EFBC}") = "Buzz.Jewelcrafting", "Buzz.Jewelcrafting.csproj", "{0169A823-5ADA-48FA-91F5-4F8CA9505857}"
EndProject
Global
	GlobalSection(SolutionConfigurationPlatforms) = preSolution
		Debug|Any CPU = Debug|Any CPU
		Release|Any CPU = Release|Any CPU
	EndGlobalSection
	GlobalSection(ProjectConfigurationPlatforms) = postSolution
		{0169A823-5ADA-48FA-91F5-4F8CA9505857}.Debug|Any CPU.ActiveCfg = Debug|Any CPU
		{0169A823-5ADA-48FA-91F5-4F8CA9505857}.Debug|Any CPU.Build.0 = Debug|Any CPU
		{0169A823-5ADA-48FA-91F5-4F8CA9505857}.Release|Any CPU.ActiveCfg = Release|Any CPU
		{0169A823-5ADA-48FA-91F5-4F8CA9505857}.Release|Any CPU.Build.0 = Release|Any CPU
	EndGlobalSection
EndGlobal
